
Microsoft Visual Studio Solution File, Format Version 12.00
# Visual Studio 14
VisualStudioVersion = 14.0.24720.0
MinimumVisualStudioVersion = 10.0.40219.1
Project("{8BB2217D-0F2D-49D1-97BC-3654ED321F3B}") = "Kitty.Core", "Kitty.Core\Kitty.Core.xproj", "{9A68550E-A6F7-430E-B994-7FE5E0F11718}"
EndProject
Project("{8BB2217D-0F2D-49D1-97BC-3654ED321F3B}") = "Kitty.Api", "Kitty.Api\Kitty.Api.xproj", "{3F169AA4-AE1F-4A1E-A847-0B8839DA023B}"
EndProject
Project("{2150E333-8FDC-42A3-9474-1A3956D46DE8}") = "Solution Items", "Solution Items", "{38C54211-E57C-4FCA-B067-9C3E9628F968}"
	ProjectSection(SolutionItems) = preProject
		global.json = global.json
		NuGet.config = NuGet.config
	EndProjectSection
EndProject
Global
	GlobalSection(SolutionConfigurationPlatforms) = preSolution
		Debug|Any CPU = Debug|Any CPU
		Release|Any CPU = Release|Any CPU
	EndGlobalSection
	GlobalSection(ProjectConfigurationPlatforms) = postSolution
		{9A68550E-A6F7-430E-B994-7FE5E0F11718}.Debug|Any CPU.ActiveCfg = Debug|Any CPU
		{9A68550E-A6F7-430E-B994-7FE5E0F11718}.Debug|Any CPU.Build.0 = Debug|Any CPU
		{9A68550E-A6F7-430E-B994-7FE5E0F11718}.Release|Any CPU.ActiveCfg = Release|Any CPU
		{9A68550E-A6F7-430E-B994-7FE5E0F11718}.Release|Any CPU.Build.0 = Release|Any CPU
		{3F169AA4-AE1F-4A1E-A847-0B8839DA023B}.Debug|Any CPU.ActiveCfg = Debug|Any CPU
		{3F169AA4-AE1F-4A1E-A847-0B8839DA023B}.Debug|Any CPU.Build.0 = Debug|Any CPU
		{3F169AA4-AE1F-4A1E-A847-0B8839DA023B}.Release|Any CPU.ActiveCfg = Release|Any CPU
		{3F169AA4-AE1F-4A1E-A847-0B8839DA023B}.Release|Any CPU.Build.0 = Release|Any CPU
	EndGlobalSection
	GlobalSection(SolutionProperties) = preSolution
		HideSolutionNode = FALSE
	EndGlobalSection
EndGlobal
